
Microsoft Visual Studio Solution File, Format Version 12.00
# Visual Studio Version 16
VisualStudioVersion = 16.0.29503.13
MinimumVisualStudioVersion = 10.0.40219.1
Project("{9A19103F-16F7-4668-BE54-9A1E7A4F7556}") = "DotNetPatterns.Factory", "DotNetPatterns.Factory\DotNetPatterns.Factory.csproj", "{7C1D7B78-249E-4120-9F7F-FD131B01F234}"
EndProject
Project("{9A19103F-16F7-4668-BE54-9A1E7A4F7556}") = "DotNetPatterns.State", "DotNetPatterns.State\DotNetPatterns.State.csproj", "{84424C18-E11B-4396-8F99-BCB5D859B94A}"
EndProject
Project("{9A19103F-16F7-4668-BE54-9A1E7A4F7556}") = "DotNetPatterns.Builder", "DotNetPatterns.Builder\DotNetPatterns.Builder.csproj", "{F4CF82CE-244C-4B50-AD2A-77121D3898EC}"
EndProject
Project("{9A19103F-16F7-4668-BE54-9A1E7A4F7556}") = "DotNetPatterns.NullObject", "DotNetPatterns.NullObject\DotNetPatterns.NullObject.csproj", "{BE7A383F-276C-4F45-94D2-C4B471FFA8C7}"
EndProject
Project("{9A19103F-16F7-4668-BE54-9A1E7A4F7556}") = "DotNetPatterns.Maybe", "DotNetPatterns.Maybe\DotNetPatterns.Maybe.csproj", "{DD438FE3-7584-401F-9F44-C250C8209B79}"
EndProject
Project("{9A19103F-16F7-4668-BE54-9A1E7A4F7556}") = "DotNetPatterns.ChainOfReponsabilities", "DotNetPatterns.ChainOfReponsabilities\DotNetPatterns.ChainOfReponsabilities.csproj", "{ECE6BBDF-6452-435B-B539-0CCE388E9436}"
EndProject
Project("{9A19103F-16F7-4668-BE54-9A1E7A4F7556}") = "DotNetPatterns.Repository", "DotNetPatterns.Repository\DotNetPatterns.Repository.csproj", "{3817FC01-AFAF-4520-99F5-40CCE3C4CDFB}"
EndProject
Project("{FAE04EC0-301F-11D3-BF4B-00C04F79EFBC}") = "DotNetPatterns.FluentTryCatchFinally", "DotNetPatterns.FluenTryCatchFinally\DotNetPatterns.FluentTryCatchFinally.csproj", "{B5153C6A-A013-40C6-B136-D31EEECD3E61}"
EndProject
Global
	GlobalSection(SolutionConfigurationPlatforms) = preSolution
		Debug|Any CPU = Debug|Any CPU
		Release|Any CPU = Release|Any CPU
	EndGlobalSection
	GlobalSection(ProjectConfigurationPlatforms) = postSolution
		{7C1D7B78-249E-4120-9F7F-FD131B01F234}.Debug|Any CPU.ActiveCfg = Debug|Any CPU
		{7C1D7B78-249E-4120-9F7F-FD131B01F234}.Debug|Any CPU.Build.0 = Debug|Any CPU
		{7C1D7B78-249E-4120-9F7F-FD131B01F234}.Release|Any CPU.ActiveCfg = Release|Any CPU
		{7C1D7B78-249E-4120-9F7F-FD131B01F234}.Release|Any CPU.Build.0 = Release|Any CPU
		{84424C18-E11B-4396-8F99-BCB5D859B94A}.Debug|Any CPU.ActiveCfg = Debug|Any CPU
		{84424C18-E11B-4396-8F99-BCB5D859B94A}.Debug|Any CPU.Build.0 = Debug|Any CPU
		{84424C18-E11B-4396-8F99-BCB5D859B94A}.Release|Any CPU.ActiveCfg = Release|Any CPU
		{84424C18-E11B-4396-8F99-BCB5D859B94A}.Release|Any CPU.Build.0 = Release|Any CPU
		{F4CF82CE-244C-4B50-AD2A-77121D3898EC}.Debug|Any CPU.ActiveCfg = Debug|Any CPU
		{F4CF82CE-244C-4B50-AD2A-77121D3898EC}.Debug|Any CPU.Build.0 = Debug|Any CPU
		{F4CF82CE-244C-4B50-AD2A-77121D3898EC}.Release|Any CPU.ActiveCfg = Release|Any CPU
		{F4CF82CE-244C-4B50-AD2A-77121D3898EC}.Release|Any CPU.Build.0 = Release|Any CPU
		{BE7A383F-276C-4F45-94D2-C4B471FFA8C7}.Debug|Any CPU.ActiveCfg = Debug|Any CPU
		{BE7A383F-276C-4F45-94D2-C4B471FFA8C7}.Debug|Any CPU.Build.0 = Debug|Any CPU
		{BE7A383F-276C-4F45-94D2-C4B471FFA8C7}.Release|Any CPU.ActiveCfg = Release|Any CPU
		{BE7A383F-276C-4F45-94D2-C4B471FFA8C7}.Release|Any CPU.Build.0 = Release|Any CPU
		{DD438FE3-7584-401F-9F44-C250C8209B79}.Debug|Any CPU.ActiveCfg = Debug|Any CPU
		{DD438FE3-7584-401F-9F44-C250C8209B79}.Debug|Any CPU.Build.0 = Debug|Any CPU
		{DD438FE3-7584-401F-9F44-C250C8209B79}.Release|Any CPU.ActiveCfg = Release|Any CPU
		{DD438FE3-7584-401F-9F44-C250C8209B79}.Release|Any CPU.Build.0 = Release|Any CPU
		{ECE6BBDF-6452-435B-B539-0CCE388E9436}.Debug|Any CPU.ActiveCfg = Debug|Any CPU
		{ECE6BBDF-6452-435B-B539-0CCE388E9436}.Debug|Any CPU.Build.0 = Debug|Any CPU
		{ECE6BBDF-6452-435B-B539-0CCE388E9436}.Release|Any CPU.ActiveCfg = Release|Any CPU
		{ECE6BBDF-6452-435B-B539-0CCE388E9436}.Release|Any CPU.Build.0 = Release|Any CPU
		{3817FC01-AFAF-4520-99F5-40CCE3C4CDFB}.Debug|Any CPU.ActiveCfg = Debug|Any CPU
		{3817FC01-AFAF-4520-99F5-40CCE3C4CDFB}.Debug|Any CPU.Build.0 = Debug|Any CPU
		{3817FC01-AFAF-4520-99F5-40CCE3C4CDFB}.Release|Any CPU.ActiveCfg = Release|Any CPU
		{3817FC01-AFAF-4520-99F5-40CCE3C4CDFB}.Release|Any CPU.Build.0 = Release|Any CPU
		{B5153C6A-A013-40C6-B136-D31EEECD3E61}.Debug|Any CPU.ActiveCfg = Debug|Any CPU
		{B5153C6A-A013-40C6-B136-D31EEECD3E61}.Debug|Any CPU.Build.0 = Debug|Any CPU
		{B5153C6A-A013-40C6-B136-D31EEECD3E61}.Release|Any CPU.ActiveCfg = Release|Any CPU
		{B5153C6A-A013-40C6-B136-D31EEECD3E61}.Release|Any CPU.Build.0 = Release|Any CPU
	EndGlobalSection
	GlobalSection(SolutionProperties) = preSolution
		HideSolutionNode = FALSE
	EndGlobalSection
	GlobalSection(ExtensibilityGlobals) = postSolution
		SolutionGuid = {009123EF-C5B2-4383-8217-EC38F8D1EF48}
	EndGlobalSection
EndGlobal
